
Microsoft Visual Studio Solution File, Format Version 12.00
# Visual Studio 15
VisualStudioVersion = 15.0.28307.1209
MinimumVisualStudioVersion = 10.0.40219.1
Project("{FAE04EC0-301F-11D3-BF4B-00C04F79EFBC}") = "WFARepairShop", "WFARepairShop\WFARepairShop.csproj", "{184CF8A9-0FA2-43D5-B6E3-C1E8B94CD9AC}"
EndProject
Project("{FAE04EC0-301F-11D3-BF4B-00C04F79EFBC}") = "BusinessLogicLayer", "BusinessLogicLayer\BusinessLogicLayer.csproj", "{53CD0A63-C429-42AB-B698-E4F9A36329FF}"
EndProject
Project("{FAE04EC0-301F-11D3-BF4B-00C04F79EFBC}") = "RepairShop.Tests", "RepairShop.Tests\RepairShop.Tests.csproj", "{1BA84A27-3F4C-4DAF-A39C-4D5154ED05FB}"
EndProject
Global
	GlobalSection(SolutionConfigurationPlatforms) = preSolution
		Debug|Any CPU = Debug|Any CPU
		Release|Any CPU = Release|Any CPU
	EndGlobalSection
	GlobalSection(ProjectConfigurationPlatforms) = postSolution
		{184CF8A9-0FA2-43D5-B6E3-C1E8B94CD9AC}.Debug|Any CPU.ActiveCfg = Debug|Any CPU
		{184CF8A9-0FA2-43D5-B6E3-C1E8B94CD9AC}.Debug|Any CPU.Build.0 = Debug|Any CPU
		{184CF8A9-0FA2-43D5-B6E3-C1E8B94CD9AC}.Release|Any CPU.ActiveCfg = Release|Any CPU
		{184CF8A9-0FA2-43D5-B6E3-C1E8B94CD9AC}.Release|Any CPU.Build.0 = Release|Any CPU
		{53CD0A63-C429-42AB-B698-E4F9A36329FF}.Debug|Any CPU.ActiveCfg = Debug|Any CPU
		{53CD0A63-C429-42AB-B698-E4F9A36329FF}.Debug|Any CPU.Build.0 = Debug|Any CPU
		{53CD0A63-C429-42AB-B698-E4F9A36329FF}.Release|Any CPU.ActiveCfg = Release|Any CPU
		{53CD0A63-C429-42AB-B698-E4F9A36329FF}.Release|Any CPU.Build.0 = Release|Any CPU
		{1BA84A27-3F4C-4DAF-A39C-4D5154ED05FB}.Debug|Any CPU.ActiveCfg = Debug|Any CPU
		{1BA84A27-3F4C-4DAF-A39C-4D5154ED05FB}.Debug|Any CPU.Build.0 = Debug|Any CPU
		{1BA84A27-3F4C-4DAF-A39C-4D5154ED05FB}.Release|Any CPU.ActiveCfg = Release|Any CPU
		{1BA84A27-3F4C-4DAF-A39C-4D5154ED05FB}.Release|Any CPU.Build.0 = Release|Any CPU
	EndGlobalSection
	GlobalSection(SolutionProperties) = preSolution
		HideSolutionNode = FALSE
	EndGlobalSection
	GlobalSection(ExtensibilityGlobals) = postSolution
		SolutionGuid = {7D3FFEAF-3882-48B6-A0D4-40C1889B26AC}
	EndGlobalSection
EndGlobal
